{
  "nodes": {
    "flake-utils": {
      "locked": {
        "lastModified": 1605370193,
        "narHash": "sha256-YyMTf3URDL/otKdKgtoMChu4vfVL3vCMkRqpGifhUn0=",
        "owner": "numtide",
        "repo": "flake-utils",
        "rev": "5021eac20303a61fafe17224c087f5519baed54d",
        "type": "github"
      },
      "original": {
        "owner": "numtide",
        "repo": "flake-utils",
        "type": "github"
      }
    },
    "nixpkgs": {
      "locked": {
        "lastModified": 1607718748,
        "narHash": "sha256-AkV/47OidZCUET2Yv1OVyzALRrCYbE7M2GYkAkVElW4=",
        "owner": "NixOS",
        "repo": "nixpkgs",
        "rev": "a7b60e6bdfb578404be012b0f2296fb49c3b93a6",
        "type": "github"
      },
      "original": {
        "id": "nixpkgs",
        "type": "indirect"
      }
    },
    "nixpkgs_2": {
      "locked": {
        "lastModified": 1607718748,
        "narHash": "sha256-AkV/47OidZCUET2Yv1OVyzALRrCYbE7M2GYkAkVElW4=",
        "owner": "NixOS",
        "repo": "nixpkgs",
        "rev": "a7b60e6bdfb578404be012b0f2296fb49c3b93a6",
        "type": "github"
      },
      "original": {
        "id": "nixpkgs",
        "type": "indirect"
      }
    },
    "root": {
      "inputs": {
        "nixpkgs": "nixpkgs",
        "utils": "utils"
      }
    },
    "utils": {
      "inputs": {
        "flake-utils": "flake-utils",
        "nixpkgs": "nixpkgs_2"
      },
      "locked": {
        "lastModified": 1607662098,
        "narHash": "sha256-DrZmGL5rL59lQOERN00rATBuBjC6jBSSsGMiIaBgJKk=",
        "owner": "ursi",
        "repo": "flake-utils",
        "rev": "f4b05fa2f032626b140473680d43f0a9d2b000a2",
        "type": "github"
      },
      "original": {
        "id": "utils",
        "type": "indirect"
      }
    }
  },
  "root": "root",
  "version": 7
}
